
Microsoft Visual Studio Solution File, Format Version 12.00
# Visual Studio Version 17
VisualStudioVersion = 17.14.36414.22
MinimumVisualStudioVersion = 10.0.40219.1
Project("{FAE04EC0-301F-11D3-BF4B-00C04F79EFBC}") = "FPVDevelopment", "FPVDevelopment\FPVDevelopment.csproj", "{23191FF9-6DAE-4343-A8F8-615A383DC47E}"
EndProject
Global
	GlobalSection(SolutionConfigurationPlatforms) = preSolution
		Debug|Any CPU = Debug|Any CPU
		Release|Any CPU = Release|Any CPU
	EndGlobalSection
	GlobalSection(ProjectConfigurationPlatforms) = postSolution
		{23191FF9-6DAE-4343-A8F8-615A383DC47E}.Debug|Any CPU.ActiveCfg = Debug|Any CPU
		{23191FF9-6DAE-4343-A8F8-615A383DC47E}.Debug|Any CPU.Build.0 = Debug|Any CPU
		{23191FF9-6DAE-4343-A8F8-615A383DC47E}.Release|Any CPU.ActiveCfg = Release|Any CPU
		{23191FF9-6DAE-4343-A8F8-615A383DC47E}.Release|Any CPU.Build.0 = Release|Any CPU
	EndGlobalSection
	GlobalSection(SolutionProperties) = preSolution
		HideSolutionNode = FALSE
	EndGlobalSection
	GlobalSection(ExtensibilityGlobals) = postSolution
		SolutionGuid = {563E0D43-5297-41D1-BD88-1DAFE572E138}
	EndGlobalSection
EndGlobal
